# THIS IS AN AUTOGENERATED FILE. DO NOT EDIT THIS FILE DIRECTLY.
# yarn lockfile v1


"@types/node@^12.12.21":
  "integrity" "sha512-6CLxw83vQf6DKqXxMPwl8qpF8I7THFZuIwLt4TnNsumxkp1VsRZWT8txQxncT/Rl2UojTsFzWgDG4FRMwafrlA=="
  "resolved" "https://registry.npmjs.org/@types/node/-/node-12.20.16.tgz"
  "version" "12.20.16"

"@types/prop-types@*":
  "integrity" "sha512-rZ5drC/jWjrArrS8BR6SIr4cWpW09RNTYt9AMZo3Jwwif+iacXAqgVjm0B0Bv/S1jhDXKHqRVNCbACkJ89RAnQ=="
  "resolved" "https://registry.npmjs.org/@types/prop-types/-/prop-types-15.7.4.tgz"
  "version" "15.7.4"

"@types/react-dom@^17.0.1":
  "integrity" "sha512-wIvGxLfgpVDSAMH5utdL9Ngm5Owu0VsGmldro3ORLXV8CShrL8awVj06NuEXFQ5xyaYfdca7Sgbk/50Ri1GdPg=="
  "resolved" "https://registry.npmjs.org/@types/react-dom/-/react-dom-17.0.9.tgz"
  "version" "17.0.9"
  dependencies:
    "@types/react" "*"

"@types/react@*", "@types/react@^17.0.2":
  "integrity" "sha512-0WwKHUbWuQWOce61UexYuWTGuGY/8JvtUe/dtQ6lR4sZ3UiylHotJeWpf3ArP9+DSGUoLY3wbU59VyMrJps5VQ=="
  "resolved" "https://registry.npmjs.org/@types/react/-/react-17.0.14.tgz"
  "version" "17.0.14"
  dependencies:
    "@types/prop-types" "*"
    "@types/scheduler" "*"
    "csstype" "^3.0.2"

"@types/scheduler@*":
  "integrity" "sha512-hppQEBDmlwhFAXKJX2KnWLYu5yMfi91yazPb2l+lbJiwW+wdo1gNeRA+3RgNSO39WYX2euey41KEwnqesU2Jew=="
  "resolved" "https://registry.npmjs.org/@types/scheduler/-/scheduler-0.16.2.tgz"
  "version" "0.16.2"

"csstype@^3.0.2":
  "integrity" "sha512-jXKhWqXPmlUeoQnF/EhTtTl4C9SnrxSH/jZUih3jmO6lBKr99rP3/+FmrMj4EFpOXzMtXHAZkd3x0E6h6Fgflw=="
  "resolved" "https://registry.npmjs.org/csstype/-/csstype-3.0.8.tgz"
  "version" "3.0.8"

"typescript@4.0":
  "integrity" "sha512-oz1765PN+imfz1MlZzSZPtC/tqcwsCyIYA8L47EkRnRW97ztRk83SzMiWLrnChC0vqoYxSU1fcFUDA5gV/ZiPg=="
  "resolved" "https://registry.npmjs.org/typescript/-/typescript-4.0.8.tgz"
  "version" "4.0.8"
